
Microsoft Visual Studio Solution File, Format Version 12.00
# Visual Studio 15
VisualStudioVersion = 15.0.28010.2003
MinimumVisualStudioVersion = 10.0.40219.1
Project("{FAE04EC0-301F-11D3-BF4B-00C04F79EFBC}") = "Vts.Gui.XF.Android", "Vts.Gui.XF\Vts.Gui.XF.Android\Vts.Gui.XF.Android.csproj", "{D03D1EAA-DAF6-46C0-BFEC-11BDD2D9A1A1}"
EndProject
Project("{FAE04EC0-301F-11D3-BF4B-00C04F79EFBC}") = "Vts.Gui.XF.iOS", "Vts.Gui.XF\Vts.Gui.XF.iOS\Vts.Gui.XF.iOS.csproj", "{171E7207-5708-4336-A2D2-83107221F3F0}"
EndProject
Project("{FAE04EC0-301F-11D3-BF4B-00C04F79EFBC}") = "Vts.Gui.XF.UWP", "Vts.Gui.XF\Vts.Gui.XF.UWP\Vts.Gui.XF.UWP.csproj", "{F6A70782-C76E-4F1E-894A-7AF217162442}"
EndProject
Project("{9A19103F-16F7-4668-BE54-9A1E7A4F7556}") = "Vts.Gui.XF", "Vts.Gui.XF\Vts.Gui.XF\Vts.Gui.XF.csproj", "{3FC4F065-0AF5-4D5F-AAC8-C3022C1CF45E}"
EndProject
Project("{FAE04EC0-301F-11D3-BF4B-00C04F79EFBC}") = "Vts.Gui.XF.Test", "Vts.Gui.XF.Test\Vts.Gui.XF.Test.csproj", "{B19C892E-2628-4CA7-AD27-08D406A3B14B}"
EndProject
Global
	GlobalSection(SolutionConfigurationPlatforms) = preSolution
		Ad-Hoc|Any CPU = Ad-Hoc|Any CPU
		Ad-Hoc|ARM = Ad-Hoc|ARM
		Ad-Hoc|iPhone = Ad-Hoc|iPhone
		Ad-Hoc|iPhoneSimulator = Ad-Hoc|iPhoneSimulator
		Ad-Hoc|x64 = Ad-Hoc|x64
		Ad-Hoc|x86 = Ad-Hoc|x86
		AppStore|Any CPU = AppStore|Any CPU
		AppStore|ARM = AppStore|ARM
		AppStore|iPhone = AppStore|iPhone
		AppStore|iPhoneSimulator = AppStore|iPhoneSimulator
		AppStore|x64 = AppStore|x64
		AppStore|x86 = AppStore|x86
		Debug|Any CPU = Debug|Any CPU
		Debug|ARM = Debug|ARM
		Debug|iPhone = Debug|iPhone
		Debug|iPhoneSimulator = Debug|iPhoneSimulator
		Debug|x64 = Debug|x64
		Debug|x86 = Debug|x86
		Release|Any CPU = Release|Any CPU
		Release|ARM = Release|ARM
		Release|iPhone = Release|iPhone
		Release|iPhoneSimulator = Release|iPhoneSimulator
		Release|x64 = Release|x64
		Release|x86 = Release|x86
	EndGlobalSection
	GlobalSection(ProjectConfigurationPlatforms) = postSolution
		{D03D1EAA-DAF6-46C0-BFEC-11BDD2D9A1A1}.Ad-Hoc|Any CPU.ActiveCfg = Release|Any CPU
		{D03D1EAA-DAF6-46C0-BFEC-11BDD2D9A1A1}.Ad-Hoc|Any CPU.Build.0 = Release|Any CPU
		{D03D1EAA-DAF6-46C0-BFEC-11BDD2D9A1A1}.Ad-Hoc|Any CPU.Deploy.0 = Release|Any CPU
		{D03D1EAA-DAF6-46C0-BFEC-11BDD2D9A1A1}.Ad-Hoc|ARM.ActiveCfg = Release|Any CPU
		{D03D1EAA-DAF6-46C0-BFEC-11BDD2D9A1A1}.Ad-Hoc|ARM.Build.0 = Release|Any CPU
		{D03D1EAA-DAF6-46C0-BFEC-11BDD2D9A1A1}.Ad-Hoc|ARM.Deploy.0 = Release|Any CPU
		{D03D1EAA-DAF6-46C0-BFEC-11BDD2D9A1A1}.Ad-Hoc|iPhone.ActiveCfg = Release|Any CPU
		{D03D1EAA-DAF6-46C0-BFEC-11BDD2D9A1A1}.Ad-Hoc|iPhone.Build.0 = Release|Any CPU
		{D03D1EAA-DAF6-46C0-BFEC-11BDD2D9A1A1}.Ad-Hoc|iPhone.Deploy.0 = Release|Any CPU
		{D03D1EAA-DAF6-46C0-BFEC-11BDD2D9A1A1}.Ad-Hoc|iPhoneSimulator.ActiveCfg = Release|Any CPU
		{D03D1EAA-DAF6-46C0-BFEC-11BDD2D9A1A1}.Ad-Hoc|iPhoneSimulator.Build.0 = Release|Any CPU
		{D03D1EAA-DAF6-46C0-BFEC-11BDD2D9A1A1}.Ad-Hoc|iPhoneSimulator.Deploy.0 = Release|Any CPU
		{D03D1EAA-DAF6-46C0-BFEC-11BDD2D9A1A1}.Ad-Hoc|x64.ActiveCfg = Release|Any CPU
		{D03D1EAA-DAF6-46C0-BFEC-11BDD2D9A1A1}.Ad-Hoc|x64.Build.0 = Release|Any CPU
		{D03D1EAA-DAF6-46C0-BFEC-11BDD2D9A1A1}.Ad-Hoc|x64.Deploy.0 = Release|Any CPU
		{D03D1EAA-DAF6-46C0-BFEC-11BDD2D9A1A1}.Ad-Hoc|x86.ActiveCfg = Release|Any CPU
		{D03D1EAA-DAF6-46C0-BFEC-11BDD2D9A1A1}.Ad-Hoc|x86.Build.0 = Release|Any CPU
		{D03D1EAA-DAF6-46C0-BFEC-11BDD2D9A1A1}.Ad-Hoc|x86.Deploy.0 = Release|Any CPU
		{D03D1EAA-DAF6-46C0-BFEC-11BDD2D9A1A1}.AppStore|Any CPU.ActiveCfg = Release|Any CPU
		{D03D1EAA-DAF6-46C0-BFEC-11BDD2D9A1A1}.AppStore|Any CPU.Build.0 = Release|Any CPU
		{D03D1EAA-DAF6-46C0-BFEC-11BDD2D9A1A1}.AppStore|Any CPU.Deploy.0 = Release|Any CPU
		{D03D1EAA-DAF6-46C0-BFEC-11BDD2D9A1A1}.AppStore|ARM.ActiveCfg = Release|Any CPU
		{D03D1EAA-DAF6-46C0-BFEC-11BDD2D9A1A1}.AppStore|ARM.Build.0 = Release|Any CPU
		{D03D1EAA-DAF6-46C0-BFEC-11BDD2D9A1A1}.AppStore|ARM.Deploy.0 = Release|Any CPU
		{D03D1EAA-DAF6-46C0-BFEC-11BDD2D9A1A1}.AppStore|iPhone.ActiveCfg = Release|Any CPU
		{D03D1EAA-DAF6-46C0-BFEC-11BDD2D9A1A1}.AppStore|iPhone.Build.0 = Release|Any CPU
		{D03D1EAA-DAF6-46C0-BFEC-11BDD2D9A1A1}.AppStore|iPhone.Deploy.0 = Release|Any CPU
		{D03D1EAA-DAF6-46C0-BFEC-11BDD2D9A1A1}.AppStore|iPhoneSimulator.ActiveCfg = Release|Any CPU
		{D03D1EAA-DAF6-46C0-BFEC-11BDD2D9A1A1}.AppStore|iPhoneSimulator.Build.0 = Release|Any CPU
		{D03D1EAA-DAF6-46C0-BFEC-11BDD2D9A1A1}.AppStore|iPhoneSimulator.Deploy.0 = Release|Any CPU
		{D03D1EAA-DAF6-46C0-BFEC-11BDD2D9A1A1}.AppStore|x64.ActiveCfg = Release|Any CPU
		{D03D1EAA-DAF6-46C0-BFEC-11BDD2D9A1A1}.AppStore|x64.Build.0 = Release|Any CPU
		{D03D1EAA-DAF6-46C0-BFEC-11BDD2D9A1A1}.AppStore|x64.Deploy.0 = Release|Any CPU
		{D03D1EAA-DAF6-46C0-BFEC-11BDD2D9A1A1}.AppStore|x86.ActiveCfg = Release|Any CPU
		{D03D1EAA-DAF6-46C0-BFEC-11BDD2D9A1A1}.AppStore|x86.Build.0 = Release|Any CPU
		{D03D1EAA-DAF6-46C0-BFEC-11BDD2D9A1A1}.AppStore|x86.Deploy.0 = Release|Any CPU
		{D03D1EAA-DAF6-46C0-BFEC-11BDD2D9A1A1}.Debug|Any CPU.ActiveCfg = Debug|Any CPU
		{D03D1EAA-DAF6-46C0-BFEC-11BDD2D9A1A1}.Debug|Any CPU.Build.0 = Debug|Any CPU
		{D03D1EAA-DAF6-46C0-BFEC-11BDD2D9A1A1}.Debug|Any CPU.Deploy.0 = Debug|Any CPU
		{D03D1EAA-DAF6-46C0-BFEC-11BDD2D9A1A1}.Debug|ARM.ActiveCfg = Debug|Any CPU
		{D03D1EAA-DAF6-46C0-BFEC-11BDD2D9A1A1}.Debug|ARM.Build.0 = Debug|Any CPU
		{D03D1EAA-DAF6-46C0-BFEC-11BDD2D9A1A1}.Debug|ARM.Deploy.0 = Debug|Any CPU
		{D03D1EAA-DAF6-46C0-BFEC-11BDD2D9A1A1}.Debug|iPhone.ActiveCfg = Debug|Any CPU
		{D03D1EAA-DAF6-46C0-BFEC-11BDD2D9A1A1}.Debug|iPhone.Build.0 = Debug|Any CPU
		{D03D1EAA-DAF6-46C0-BFEC-11BDD2D9A1A1}.Debug|iPhone.Deploy.0 = Debug|Any CPU
		{D03D1EAA-DAF6-46C0-BFEC-11BDD2D9A1A1}.Debug|iPhoneSimulator.ActiveCfg = Debug|Any CPU
		{D03D1EAA-DAF6-46C0-BFEC-11BDD2D9A1A1}.Debug|iPhoneSimulator.Build.0 = Debug|Any CPU
		{D03D1EAA-DAF6-46C0-BFEC-11BDD2D9A1A1}.Debug|iPhoneSimulator.Deploy.0 = Debug|Any CPU
		{D03D1EAA-DAF6-46C0-BFEC-11BDD2D9A1A1}.Debug|x64.ActiveCfg = Debug|Any CPU
		{D03D1EAA-DAF6-46C0-BFEC-11BDD2D9A1A1}.Debug|x64.Build.0 = Debug|Any CPU
		{D03D1EAA-DAF6-46C0-BFEC-11BDD2D9A1A1}.Debug|x64.Deploy.0 = Debug|Any CPU
		{D03D1EAA-DAF6-46C0-BFEC-11BDD2D9A1A1}.Debug|x86.ActiveCfg = Debug|Any CPU
		{D03D1EAA-DAF6-46C0-BFEC-11BDD2D9A1A1}.Debug|x86.Build.0 = Debug|Any CPU
		{D03D1EAA-DAF6-46C0-BFEC-11BDD2D9A1A1}.Debug|x86.Deploy.0 = Debug|Any CPU
		{D03D1EAA-DAF6-46C0-BFEC-11BDD2D9A1A1}.Release|Any CPU.ActiveCfg = Release|Any CPU
		{D03D1EAA-DAF6-46C0-BFEC-11BDD2D9A1A1}.Release|Any CPU.Build.0 = Release|Any CPU
		{D03D1EAA-DAF6-46C0-BFEC-11BDD2D9A1A1}.Release|Any CPU.Deploy.0 = Release|Any CPU
		{D03D1EAA-DAF6-46C0-BFEC-11BDD2D9A1A1}.Release|ARM.ActiveCfg = Release|Any CPU
		{D03D1EAA-DAF6-46C0-BFEC-11BDD2D9A1A1}.Release|ARM.Build.0 = Release|Any CPU
		{D03D1EAA-DAF6-46C0-BFEC-11BDD2D9A1A1}.Release|ARM.Deploy.0 = Release|Any CPU
		{D03D1EAA-DAF6-46C0-BFEC-11BDD2D9A1A1}.Release|iPhone.ActiveCfg = Release|Any CPU
		{D03D1EAA-DAF6-46C0-BFEC-11BDD2D9A1A1}.Release|iPhone.Build.0 = Release|Any CPU
		{D03D1EAA-DAF6-46C0-BFEC-11BDD2D9A1A1}.Release|iPhone.Deploy.0 = Release|Any CPU
		{D03D1EAA-DAF6-46C0-BFEC-11BDD2D9A1A1}.Release|iPhoneSimulator.ActiveCfg = Release|Any CPU
		{D03D1EAA-DAF6-46C0-BFEC-11BDD2D9A1A1}.Release|iPhoneSimulator.Build.0 = Release|Any CPU
		{D03D1EAA-DAF6-46C0-BFEC-11BDD2D9A1A1}.Release|iPhoneSimulator.Deploy.0 = Release|Any CPU
		{D03D1EAA-DAF6-46C0-BFEC-11BDD2D9A1A1}.Release|x64.ActiveCfg = Release|Any CPU
		{D03D1EAA-DAF6-46C0-BFEC-11BDD2D9A1A1}.Release|x64.Build.0 = Release|Any CPU
		{D03D1EAA-DAF6-46C0-BFEC-11BDD2D9A1A1}.Release|x64.Deploy.0 = Release|Any CPU
		{D03D1EAA-DAF6-46C0-BFEC-11BDD2D9A1A1}.Release|x86.ActiveCfg = Release|Any CPU
		{D03D1EAA-DAF6-46C0-BFEC-11BDD2D9A1A1}.Release|x86.Build.0 = Release|Any CPU
		{D03D1EAA-DAF6-46C0-BFEC-11BDD2D9A1A1}.Release|x86.Deploy.0 = Release|Any CPU
		{171E7207-5708-4336-A2D2-83107221F3F0}.Ad-Hoc|Any CPU.ActiveCfg = Ad-Hoc|iPhone
		{171E7207-5708-4336-A2D2-83107221F3F0}.Ad-Hoc|Any CPU.Build.0 = Ad-Hoc|iPhone
		{171E7207-5708-4336-A2D2-83107221F3F0}.Ad-Hoc|Any CPU.Deploy.0 = Ad-Hoc|iPhone
		{171E7207-5708-4336-A2D2-83107221F3F0}.Ad-Hoc|ARM.ActiveCfg = Ad-Hoc|iPhone
		{171E7207-5708-4336-A2D2-83107221F3F0}.Ad-Hoc|ARM.Build.0 = Ad-Hoc|iPhone
		{171E7207-5708-4336-A2D2-83107221F3F0}.Ad-Hoc|ARM.Deploy.0 = Ad-Hoc|iPhone
		{171E7207-5708-4336-A2D2-83107221F3F0}.Ad-Hoc|iPhone.ActiveCfg = Ad-Hoc|iPhone
		{171E7207-5708-4336-A2D2-83107221F3F0}.Ad-Hoc|iPhone.Build.0 = Ad-Hoc|iPhone
		{171E7207-5708-4336-A2D2-83107221F3F0}.Ad-Hoc|iPhone.Deploy.0 = Ad-Hoc|iPhone
		{171E7207-5708-4336-A2D2-83107221F3F0}.Ad-Hoc|iPhoneSimulator.ActiveCfg = Ad-Hoc|iPhoneSimulator
		{171E7207-5708-4336-A2D2-83107221F3F0}.Ad-Hoc|iPhoneSimulator.Build.0 = Ad-Hoc|iPhoneSimulator
		{171E7207-5708-4336-A2D2-83107221F3F0}.Ad-Hoc|iPhoneSimulator.Deploy.0 = Ad-Hoc|iPhoneSimulator
		{171E7207-5708-4336-A2D2-83107221F3F0}.Ad-Hoc|x64.ActiveCfg = Ad-Hoc|iPhone
		{171E7207-5708-4336-A2D2-83107221F3F0}.Ad-Hoc|x64.Build.0 = Ad-Hoc|iPhone
		{171E7207-5708-4336-A2D2-83107221F3F0}.Ad-Hoc|x64.Deploy.0 = Ad-Hoc|iPhone
		{171E7207-5708-4336-A2D2-83107221F3F0}.Ad-Hoc|x86.ActiveCfg = Ad-Hoc|iPhone
		{171E7207-5708-4336-A2D2-83107221F3F0}.Ad-Hoc|x86.Build.0 = Ad-Hoc|iPhone
		{171E7207-5708-4336-A2D2-83107221F3F0}.Ad-Hoc|x86.Deploy.0 = Ad-Hoc|iPhone
		{171E7207-5708-4336-A2D2-83107221F3F0}.AppStore|Any CPU.ActiveCfg = AppStore|iPhone
		{171E7207-5708-4336-A2D2-83107221F3F0}.AppStore|Any CPU.Build.0 = AppStore|iPhone
		{171E7207-5708-4336-A2D2-83107221F3F0}.AppStore|Any CPU.Deploy.0 = AppStore|iPhone
		{171E7207-5708-4336-A2D2-83107221F3F0}.AppStore|ARM.ActiveCfg = AppStore|iPhone
		{171E7207-5708-4336-A2D2-83107221F3F0}.AppStore|ARM.Build.0 = AppStore|iPhone
		{171E7207-5708-4336-A2D2-83107221F3F0}.AppStore|ARM.Deploy.0 = AppStore|iPhone
		{171E7207-5708-4336-A2D2-83107221F3F0}.AppStore|iPhone.ActiveCfg = AppStore|iPhone
		{171E7207-5708-4336-A2D2-83107221F3F0}.AppStore|iPhone.Build.0 = AppStore|iPhone
		{171E7207-5708-4336-A2D2-83107221F3F0}.AppStore|iPhone.Deploy.0 = AppStore|iPhone
		{171E7207-5708-4336-A2D2-83107221F3F0}.AppStore|iPhoneSimulator.ActiveCfg = AppStore|iPhoneSimulator
		{171E7207-5708-4336-A2D2-83107221F3F0}.AppStore|iPhoneSimulator.Build.0 = AppStore|iPhoneSimulator
		{171E7207-5708-4336-A2D2-83107221F3F0}.AppStore|iPhoneSimulator.Deploy.0 = AppStore|iPhoneSimulator
		{171E7207-5708-4336-A2D2-83107221F3F0}.AppStore|x64.ActiveCfg = AppStore|iPhone
		{171E7207-5708-4336-A2D2-83107221F3F0}.AppStore|x64.Build.0 = AppStore|iPhone
		{171E7207-5708-4336-A2D2-83107221F3F0}.AppStore|x64.Deploy.0 = AppStore|iPhone
		{171E7207-5708-4336-A2D2-83107221F3F0}.AppStore|x86.ActiveCfg = AppStore|iPhone
		{171E7207-5708-4336-A2D2-83107221F3F0}.AppStore|x86.Build.0 = AppStore|iPhone
		{171E7207-5708-4336-A2D2-83107221F3F0}.AppStore|x86.Deploy.0 = AppStore|iPhone
		{171E7207-5708-4336-A2D2-83107221F3F0}.Debug|Any CPU.ActiveCfg = Debug|iPhoneSimulator
		{171E7207-5708-4336-A2D2-83107221F3F0}.Debug|Any CPU.Build.0 = Debug|iPhoneSimulator
		{171E7207-5708-4336-A2D2-83107221F3F0}.Debug|Any CPU.Deploy.0 = Debug|iPhoneSimulator
		{171E7207-5708-4336-A2D2-83107221F3F0}.Debug|ARM.ActiveCfg = Debug|iPhone
		{171E7207-5708-4336-A2D2-83107221F3F0}.Debug|ARM.Build.0 = Debug|iPhone
		{171E7207-5708-4336-A2D2-83107221F3F0}.Debug|ARM.Deploy.0 = Debug|iPhone
		{171E7207-5708-4336-A2D2-83107221F3F0}.Debug|iPhone.ActiveCfg = Debug|iPhone
		{171E7207-5708-4336-A2D2-83107221F3F0}.Debug|iPhone.Build.0 = Debug|iPhone
		{171E7207-5708-4336-A2D2-83107221F3F0}.Debug|iPhone.Deploy.0 = Debug|iPhone
		{171E7207-5708-4336-A2D2-83107221F3F0}.Debug|iPhoneSimulator.ActiveCfg = Debug|iPhoneSimulator
		{171E7207-5708-4336-A2D2-83107221F3F0}.Debug|iPhoneSimulator.Build.0 = Debug|iPhoneSimulator
		{171E7207-5708-4336-A2D2-83107221F3F0}.Debug|iPhoneSimulator.Deploy.0 = Debug|iPhoneSimulator
		{171E7207-5708-4336-A2D2-83107221F3F0}.Debug|x64.ActiveCfg = Debug|iPhone
		{171E7207-5708-4336-A2D2-83107221F3F0}.Debug|x64.Build.0 = Debug|iPhone
		{171E7207-5708-4336-A2D2-83107221F3F0}.Debug|x64.Deploy.0 = Debug|iPhone
		{171E7207-5708-4336-A2D2-83107221F3F0}.Debug|x86.ActiveCfg = Debug|iPhone
		{171E7207-5708-4336-A2D2-83107221F3F0}.Debug|x86.Build.0 = Debug|iPhone
		{171E7207-5708-4336-A2D2-83107221F3F0}.Debug|x86.Deploy.0 = Debug|iPhone
		{171E7207-5708-4336-A2D2-83107221F3F0}.Release|Any CPU.ActiveCfg = Release|iPhone
		{171E7207-5708-4336-A2D2-83107221F3F0}.Release|Any CPU.Build.0 = Release|iPhone
		{171E7207-5708-4336-A2D2-83107221F3F0}.Release|Any CPU.Deploy.0 = Release|iPhone
		{171E7207-5708-4336-A2D2-83107221F3F0}.Release|ARM.ActiveCfg = Release|iPhone
		{171E7207-5708-4336-A2D2-83107221F3F0}.Release|ARM.Build.0 = Release|iPhone
		{171E7207-5708-4336-A2D2-83107221F3F0}.Release|ARM.Deploy.0 = Release|iPhone
		{171E7207-5708-4336-A2D2-83107221F3F0}.Release|iPhone.ActiveCfg = Release|iPhone
		{171E7207-5708-4336-A2D2-83107221F3F0}.Release|iPhone.Build.0 = Release|iPhone
		{171E7207-5708-4336-A2D2-83107221F3F0}.Release|iPhone.Deploy.0 = Release|iPhone
		{171E7207-5708-4336-A2D2-83107221F3F0}.Release|iPhoneSimulator.ActiveCfg = Release|iPhoneSimulator
		{171E7207-5708-4336-A2D2-83107221F3F0}.Release|iPhoneSimulator.Build.0 = Release|iPhoneSimulator
		{171E7207-5708-4336-A2D2-83107221F3F0}.Release|iPhoneSimulator.Deploy.0 = Release|iPhoneSimulator
		{171E7207-5708-4336-A2D2-83107221F3F0}.Release|x64.ActiveCfg = Release|iPhone
		{171E7207-5708-4336-A2D2-83107221F3F0}.Release|x64.Build.0 = Release|iPhone
		{171E7207-5708-4336-A2D2-83107221F3F0}.Release|x64.Deploy.0 = Release|iPhone
		{171E7207-5708-4336-A2D2-83107221F3F0}.Release|x86.ActiveCfg = Release|iPhone
		{171E7207-5708-4336-A2D2-83107221F3F0}.Release|x86.Build.0 = Release|iPhone
		{171E7207-5708-4336-A2D2-83107221F3F0}.Release|x86.Deploy.0 = Release|iPhone
		{F6A70782-C76E-4F1E-894A-7AF217162442}.Ad-Hoc|Any CPU.ActiveCfg = Release|x86
		{F6A70782-C76E-4F1E-894A-7AF217162442}.Ad-Hoc|Any CPU.Build.0 = Release|x86
		{F6A70782-C76E-4F1E-894A-7AF217162442}.Ad-Hoc|Any CPU.Deploy.0 = Release|x86
		{F6A70782-C76E-4F1E-894A-7AF217162442}.Ad-Hoc|ARM.ActiveCfg = Release|ARM
		{F6A70782-C76E-4F1E-894A-7AF217162442}.Ad-Hoc|ARM.Build.0 = Release|ARM
		{F6A70782-C76E-4F1E-894A-7AF217162442}.Ad-Hoc|ARM.Deploy.0 = Release|ARM
		{F6A70782-C76E-4F1E-894A-7AF217162442}.Ad-Hoc|iPhone.ActiveCfg = Release|x86
		{F6A70782-C76E-4F1E-894A-7AF217162442}.Ad-Hoc|iPhone.Build.0 = Release|x86
		{F6A70782-C76E-4F1E-894A-7AF217162442}.Ad-Hoc|iPhone.Deploy.0 = Release|x86
		{F6A70782-C76E-4F1E-894A-7AF217162442}.Ad-Hoc|iPhoneSimulator.ActiveCfg = Release|x86
		{F6A70782-C76E-4F1E-894A-7AF217162442}.Ad-Hoc|iPhoneSimulator.Build.0 = Release|x86
		{F6A70782-C76E-4F1E-894A-7AF217162442}.Ad-Hoc|iPhoneSimulator.Deploy.0 = Release|x86
		{F6A70782-C76E-4F1E-894A-7AF217162442}.Ad-Hoc|x64.ActiveCfg = Release|x64
		{F6A70782-C76E-4F1E-894A-7AF217162442}.Ad-Hoc|x64.Build.0 = Release|x64
		{F6A70782-C76E-4F1E-894A-7AF217162442}.Ad-Hoc|x64.Deploy.0 = Release|x64
		{F6A70782-C76E-4F1E-894A-7AF217162442}.Ad-Hoc|x86.ActiveCfg = Release|x86
		{F6A70782-C76E-4F1E-894A-7AF217162442}.Ad-Hoc|x86.Build.0 = Release|x86
		{F6A70782-C76E-4F1E-894A-7AF217162442}.Ad-Hoc|x86.Deploy.0 = Release|x86
		{F6A70782-C76E-4F1E-894A-7AF217162442}.AppStore|Any CPU.ActiveCfg = Release|x86
		{F6A70782-C76E-4F1E-894A-7AF217162442}.AppStore|Any CPU.Build.0 = Release|x86
		{F6A70782-C76E-4F1E-894A-7AF217162442}.AppStore|Any CPU.Deploy.0 = Release|x86
		{F6A70782-C76E-4F1E-894A-7AF217162442}.AppStore|ARM.ActiveCfg = Release|ARM
		{F6A70782-C76E-4F1E-894A-7AF217162442}.AppStore|ARM.Build.0 = Release|ARM
		{F6A70782-C76E-4F1E-894A-7AF217162442}.AppStore|ARM.Deploy.0 = Release|ARM
		{F6A70782-C76E-4F1E-894A-7AF217162442}.AppStore|iPhone.ActiveCfg = Release|x86
		{F6A70782-C76E-4F1E-894A-7AF217162442}.AppStore|iPhone.Build.0 = Release|x86
		{F6A70782-C76E-4F1E-894A-7AF217162442}.AppStore|iPhone.Deploy.0 = Release|x86
		{F6A70782-C76E-4F1E-894A-7AF217162442}.AppStore|iPhoneSimulator.ActiveCfg = Release|x86
		{F6A70782-C76E-4F1E-894A-7AF217162442}.AppStore|iPhoneSimulator.Build.0 = Release|x86
		{F6A70782-C76E-4F1E-894A-7AF217162442}.AppStore|iPhoneSimulator.Deploy.0 = Release|x86
		{F6A70782-C76E-4F1E-894A-7AF217162442}.AppStore|x64.ActiveCfg = Release|x64
		{F6A70782-C76E-4F1E-894A-7AF217162442}.AppStore|x64.Build.0 = Release|x64
		{F6A70782-C76E-4F1E-894A-7AF217162442}.AppStore|x64.Deploy.0 = Release|x64
		{F6A70782-C76E-4F1E-894A-7AF217162442}.AppStore|x86.ActiveCfg = Release|x86
		{F6A70782-C76E-4F1E-894A-7AF217162442}.AppStore|x86.Build.0 = Release|x86
		{F6A70782-C76E-4F1E-894A-7AF217162442}.AppStore|x86.Deploy.0 = Release|x86
		{F6A70782-C76E-4F1E-894A-7AF217162442}.Debug|Any CPU.ActiveCfg = Debug|x86
		{F6A70782-C76E-4F1E-894A-7AF217162442}.Debug|Any CPU.Build.0 = Debug|x86
		{F6A70782-C76E-4F1E-894A-7AF217162442}.Debug|Any CPU.Deploy.0 = Debug|x86
		{F6A70782-C76E-4F1E-894A-7AF217162442}.Debug|ARM.ActiveCfg = Debug|ARM
		{F6A70782-C76E-4F1E-894A-7AF217162442}.Debug|ARM.Build.0 = Debug|ARM
		{F6A70782-C76E-4F1E-894A-7AF217162442}.Debug|ARM.Deploy.0 = Debug|ARM
		{F6A70782-C76E-4F1E-894A-7AF217162442}.Debug|iPhone.ActiveCfg = Debug|x86
		{F6A70782-C76E-4F1E-894A-7AF217162442}.Debug|iPhone.Build.0 = Debug|x86
		{F6A70782-C76E-4F1E-894A-7AF217162442}.Debug|iPhone.Deploy.0 = Debug|x86
		{F6A70782-C76E-4F1E-894A-7AF217162442}.Debug|iPhoneSimulator.ActiveCfg = Debug|x86
		{F6A70782-C76E-4F1E-894A-7AF217162442}.Debug|iPhoneSimulator.Build.0 = Debug|x86
		{F6A70782-C76E-4F1E-894A-7AF217162442}.Debug|iPhoneSimulator.Deploy.0 = Debug|x86
		{F6A70782-C76E-4F1E-894A-7AF217162442}.Debug|x64.ActiveCfg = Debug|x64
		{F6A70782-C76E-4F1E-894A-7AF217162442}.Debug|x64.Build.0 = Debug|x64
		{F6A70782-C76E-4F1E-894A-7AF217162442}.Debug|x64.Deploy.0 = Debug|x64
		{F6A70782-C76E-4F1E-894A-7AF217162442}.Debug|x86.ActiveCfg = Debug|x86
		{F6A70782-C76E-4F1E-894A-7AF217162442}.Debug|x86.Build.0 = Debug|x86
		{F6A70782-C76E-4F1E-894A-7AF217162442}.Debug|x86.Deploy.0 = Debug|x86
		{F6A70782-C76E-4F1E-894A-7AF217162442}.Release|Any CPU.ActiveCfg = Release|x86
		{F6A70782-C76E-4F1E-894A-7AF217162442}.Release|Any CPU.Build.0 = Release|x86
		{F6A70782-C76E-4F1E-894A-7AF217162442}.Release|Any CPU.Deploy.0 = Release|x86
		{F6A70782-C76E-4F1E-894A-7AF217162442}.Release|ARM.ActiveCfg = Release|ARM
		{F6A70782-C76E-4F1E-894A-7AF217162442}.Release|ARM.Build.0 = Release|ARM
		{F6A70782-C76E-4F1E-894A-7AF217162442}.Release|ARM.Deploy.0 = Release|ARM
		{F6A70782-C76E-4F1E-894A-7AF217162442}.Release|iPhone.ActiveCfg = Release|x86
		{F6A70782-C76E-4F1E-894A-7AF217162442}.Release|iPhone.Build.0 = Release|x86
		{F6A70782-C76E-4F1E-894A-7AF217162442}.Release|iPhone.Deploy.0 = Release|x86
		{F6A70782-C76E-4F1E-894A-7AF217162442}.Release|iPhoneSimulator.ActiveCfg = Release|x86
		{F6A70782-C76E-4F1E-894A-7AF217162442}.Release|iPhoneSimulator.Build.0 = Release|x86
		{F6A70782-C76E-4F1E-894A-7AF217162442}.Release|iPhoneSimulator.Deploy.0 = Release|x86
		{F6A70782-C76E-4F1E-894A-7AF217162442}.Release|x64.ActiveCfg = Release|x64
		{F6A70782-C76E-4F1E-894A-7AF217162442}.Release|x64.Build.0 = Release|x64
		{F6A70782-C76E-4F1E-894A-7AF217162442}.Release|x64.Deploy.0 = Release|x64
		{F6A70782-C76E-4F1E-894A-7AF217162442}.Release|x86.ActiveCfg = Release|x86
		{F6A70782-C76E-4F1E-894A-7AF217162442}.Release|x86.Build.0 = Release|x86
		{F6A70782-C76E-4F1E-894A-7AF217162442}.Release|x86.Deploy.0 = Release|x86
		{3FC4F065-0AF5-4D5F-AAC8-C3022C1CF45E}.Ad-Hoc|Any CPU.ActiveCfg = Debug|Any CPU
		{3FC4F065-0AF5-4D5F-AAC8-C3022C1CF45E}.Ad-Hoc|Any CPU.Build.0 = Debug|Any CPU
		{3FC4F065-0AF5-4D5F-AAC8-C3022C1CF45E}.Ad-Hoc|Any CPU.Deploy.0 = Debug|Any CPU
		{3FC4F065-0AF5-4D5F-AAC8-C3022C1CF45E}.Ad-Hoc|ARM.ActiveCfg = Debug|Any CPU
		{3FC4F065-0AF5-4D5F-AAC8-C3022C1CF45E}.Ad-Hoc|ARM.Build.0 = Debug|Any CPU
		{3FC4F065-0AF5-4D5F-AAC8-C3022C1CF45E}.Ad-Hoc|ARM.Deploy.0 = Debug|Any CPU
		{3FC4F065-0AF5-4D5F-AAC8-C3022C1CF45E}.Ad-Hoc|iPhone.ActiveCfg = Debug|Any CPU
		{3FC4F065-0AF5-4D5F-AAC8-C3022C1CF45E}.Ad-Hoc|iPhone.Build.0 = Debug|Any CPU
		{3FC4F065-0AF5-4D5F-AAC8-C3022C1CF45E}.Ad-Hoc|iPhone.Deploy.0 = Debug|Any CPU
		{3FC4F065-0AF5-4D5F-AAC8-C3022C1CF45E}.Ad-Hoc|iPhoneSimulator.ActiveCfg = Debug|Any CPU
		{3FC4F065-0AF5-4D5F-AAC8-C3022C1CF45E}.Ad-Hoc|iPhoneSimulator.Build.0 = Debug|Any CPU
		{3FC4F065-0AF5-4D5F-AAC8-C3022C1CF45E}.Ad-Hoc|iPhoneSimulator.Deploy.0 = Debug|Any CPU
		{3FC4F065-0AF5-4D5F-AAC8-C3022C1CF45E}.Ad-Hoc|x64.ActiveCfg = Debug|Any CPU
		{3FC4F065-0AF5-4D5F-AAC8-C3022C1CF45E}.Ad-Hoc|x64.Build.0 = Debug|Any CPU
		{3FC4F065-0AF5-4D5F-AAC8-C3022C1CF45E}.Ad-Hoc|x64.Deploy.0 = Debug|Any CPU
		{3FC4F065-0AF5-4D5F-AAC8-C3022C1CF45E}.Ad-Hoc|x86.ActiveCfg = Debug|Any CPU
		{3FC4F065-0AF5-4D5F-AAC8-C3022C1CF45E}.Ad-Hoc|x86.Build.0 = Debug|Any CPU
		{3FC4F065-0AF5-4D5F-AAC8-C3022C1CF45E}.Ad-Hoc|x86.Deploy.0 = Debug|Any CPU
		{3FC4F065-0AF5-4D5F-AAC8-C3022C1CF45E}.AppStore|Any CPU.ActiveCfg = Debug|Any CPU
		{3FC4F065-0AF5-4D5F-AAC8-C3022C1CF45E}.AppStore|Any CPU.Build.0 = Debug|Any CPU
		{3FC4F065-0AF5-4D5F-AAC8-C3022C1CF45E}.AppStore|Any CPU.Deploy.0 = Debug|Any CPU
		{3FC4F065-0AF5-4D5F-AAC8-C3022C1CF45E}.AppStore|ARM.ActiveCfg = Debug|Any CPU
		{3FC4F065-0AF5-4D5F-AAC8-C3022C1CF45E}.AppStore|ARM.Build.0 = Debug|Any CPU
		{3FC4F065-0AF5-4D5F-AAC8-C3022C1CF45E}.AppStore|ARM.Deploy.0 = Debug|Any CPU
		{3FC4F065-0AF5-4D5F-AAC8-C3022C1CF45E}.AppStore|iPhone.ActiveCfg = Debug|Any CPU
		{3FC4F065-0AF5-4D5F-AAC8-C3022C1CF45E}.AppStore|iPhone.Build.0 = Debug|Any CPU
		{3FC4F065-0AF5-4D5F-AAC8-C3022C1CF45E}.AppStore|iPhone.Deploy.0 = Debug|Any CPU
		{3FC4F065-0AF5-4D5F-AAC8-C3022C1CF45E}.AppStore|iPhoneSimulator.ActiveCfg = Debug|Any CPU
		{3FC4F065-0AF5-4D5F-AAC8-C3022C1CF45E}.AppStore|iPhoneSimulator.Build.0 = Debug|Any CPU
		{3FC4F065-0AF5-4D5F-AAC8-C3022C1CF45E}.AppStore|iPhoneSimulator.Deploy.0 = Debug|Any CPU
		{3FC4F065-0AF5-4D5F-AAC8-C3022C1CF45E}.AppStore|x64.ActiveCfg = Debug|Any CPU
		{3FC4F065-0AF5-4D5F-AAC8-C3022C1CF45E}.AppStore|x64.Build.0 = Debug|Any CPU
		{3FC4F065-0AF5-4D5F-AAC8-C3022C1CF45E}.AppStore|x64.Deploy.0 = Debug|Any CPU
		{3FC4F065-0AF5-4D5F-AAC8-C3022C1CF45E}.AppStore|x86.ActiveCfg = Debug|Any CPU
		{3FC4F065-0AF5-4D5F-AAC8-C3022C1CF45E}.AppStore|x86.Build.0 = Debug|Any CPU
		{3FC4F065-0AF5-4D5F-AAC8-C3022C1CF45E}.AppStore|x86.Deploy.0 = Debug|Any CPU
		{3FC4F065-0AF5-4D5F-AAC8-C3022C1CF45E}.Debug|Any CPU.ActiveCfg = Debug|Any CPU
		{3FC4F065-0AF5-4D5F-AAC8-C3022C1CF45E}.Debug|Any CPU.Build.0 = Debug|Any CPU
		{3FC4F065-0AF5-4D5F-AAC8-C3022C1CF45E}.Debug|Any CPU.Deploy.0 = Debug|Any CPU
		{3FC4F065-0AF5-4D5F-AAC8-C3022C1CF45E}.Debug|ARM.ActiveCfg = Debug|Any CPU
		{3FC4F065-0AF5-4D5F-AAC8-C3022C1CF45E}.Debug|ARM.Build.0 = Debug|Any CPU
		{3FC4F065-0AF5-4D5F-AAC8-C3022C1CF45E}.Debug|ARM.Deploy.0 = Debug|Any CPU
		{3FC4F065-0AF5-4D5F-AAC8-C3022C1CF45E}.Debug|iPhone.ActiveCfg = Debug|Any CPU
		{3FC4F065-0AF5-4D5F-AAC8-C3022C1CF45E}.Debug|iPhone.Build.0 = Debug|Any CPU
		{3FC4F065-0AF5-4D5F-AAC8-C3022C1CF45E}.Debug|iPhone.Deploy.0 = Debug|Any CPU
		{3FC4F065-0AF5-4D5F-AAC8-C3022C1CF45E}.Debug|iPhoneSimulator.ActiveCfg = Debug|Any CPU
		{3FC4F065-0AF5-4D5F-AAC8-C3022C1CF45E}.Debug|iPhoneSimulator.Build.0 = Debug|Any CPU
		{3FC4F065-0AF5-4D5F-AAC8-C3022C1CF45E}.Debug|iPhoneSimulator.Deploy.0 = Debug|Any CPU
		{3FC4F065-0AF5-4D5F-AAC8-C3022C1CF45E}.Debug|x64.ActiveCfg = Debug|Any CPU
		{3FC4F065-0AF5-4D5F-AAC8-C3022C1CF45E}.Debug|x64.Build.0 = Debug|Any CPU
		{3FC4F065-0AF5-4D5F-AAC8-C3022C1CF45E}.Debug|x64.Deploy.0 = Debug|Any CPU
		{3FC4F065-0AF5-4D5F-AAC8-C3022C1CF45E}.Debug|x86.ActiveCfg = Debug|Any CPU
		{3FC4F065-0AF5-4D5F-AAC8-C3022C1CF45E}.Debug|x86.Build.0 = Debug|Any CPU
		{3FC4F065-0AF5-4D5F-AAC8-C3022C1CF45E}.Debug|x86.Deploy.0 = Debug|Any CPU
		{3FC4F065-0AF5-4D5F-AAC8-C3022C1CF45E}.Release|Any CPU.ActiveCfg = Release|Any CPU
		{3FC4F065-0AF5-4D5F-AAC8-C3022C1CF45E}.Release|Any CPU.Build.0 = Release|Any CPU
		{3FC4F065-0AF5-4D5F-AAC8-C3022C1CF45E}.Release|Any CPU.Deploy.0 = Release|Any CPU
		{3FC4F065-0AF5-4D5F-AAC8-C3022C1CF45E}.Release|ARM.ActiveCfg = Release|Any CPU
		{3FC4F065-0AF5-4D5F-AAC8-C3022C1CF45E}.Release|ARM.Build.0 = Release|Any CPU
		{3FC4F065-0AF5-4D5F-AAC8-C3022C1CF45E}.Release|ARM.Deploy.0 = Release|Any CPU
		{3FC4F065-0AF5-4D5F-AAC8-C3022C1CF45E}.Release|iPhone.ActiveCfg = Release|Any CPU
		{3FC4F065-0AF5-4D5F-AAC8-C3022C1CF45E}.Release|iPhone.Build.0 = Release|Any CPU
		{3FC4F065-0AF5-4D5F-AAC8-C3022C1CF45E}.Release|iPhone.Deploy.0 = Release|Any CPU
		{3FC4F065-0AF5-4D5F-AAC8-C3022C1CF45E}.Release|iPhoneSimulator.ActiveCfg = Release|Any CPU
		{3FC4F065-0AF5-4D5F-AAC8-C3022C1CF45E}.Release|iPhoneSimulator.Build.0 = Release|Any CPU
		{3FC4F065-0AF5-4D5F-AAC8-C3022C1CF45E}.Release|iPhoneSimulator.Deploy.0 = Release|Any CPU
		{3FC4F065-0AF5-4D5F-AAC8-C3022C1CF45E}.Release|x64.ActiveCfg = Release|Any CPU
		{3FC4F065-0AF5-4D5F-AAC8-C3022C1CF45E}.Release|x64.Build.0 = Release|Any CPU
		{3FC4F065-0AF5-4D5F-AAC8-C3022C1CF45E}.Release|x64.Deploy.0 = Release|Any CPU
		{3FC4F065-0AF5-4D5F-AAC8-C3022C1CF45E}.Release|x86.ActiveCfg = Release|Any CPU
		{3FC4F065-0AF5-4D5F-AAC8-C3022C1CF45E}.Release|x86.Build.0 = Release|Any CPU
		{3FC4F065-0AF5-4D5F-AAC8-C3022C1CF45E}.Release|x86.Deploy.0 = Release|Any CPU
		{B19C892E-2628-4CA7-AD27-08D406A3B14B}.Ad-Hoc|Any CPU.ActiveCfg = Release|Any CPU
		{B19C892E-2628-4CA7-AD27-08D406A3B14B}.Ad-Hoc|Any CPU.Build.0 = Release|Any CPU
		{B19C892E-2628-4CA7-AD27-08D406A3B14B}.Ad-Hoc|ARM.ActiveCfg = Release|Any CPU
		{B19C892E-2628-4CA7-AD27-08D406A3B14B}.Ad-Hoc|ARM.Build.0 = Release|Any CPU
		{B19C892E-2628-4CA7-AD27-08D406A3B14B}.Ad-Hoc|iPhone.ActiveCfg = Release|Any CPU
		{B19C892E-2628-4CA7-AD27-08D406A3B14B}.Ad-Hoc|iPhone.Build.0 = Release|Any CPU
		{B19C892E-2628-4CA7-AD27-08D406A3B14B}.Ad-Hoc|iPhoneSimulator.ActiveCfg = Release|Any CPU
		{B19C892E-2628-4CA7-AD27-08D406A3B14B}.Ad-Hoc|iPhoneSimulator.Build.0 = Release|Any CPU
		{B19C892E-2628-4CA7-AD27-08D406A3B14B}.Ad-Hoc|x64.ActiveCfg = Release|Any CPU
		{B19C892E-2628-4CA7-AD27-08D406A3B14B}.Ad-Hoc|x64.Build.0 = Release|Any CPU
		{B19C892E-2628-4CA7-AD27-08D406A3B14B}.Ad-Hoc|x86.ActiveCfg = Release|Any CPU
		{B19C892E-2628-4CA7-AD27-08D406A3B14B}.Ad-Hoc|x86.Build.0 = Release|Any CPU
		{B19C892E-2628-4CA7-AD27-08D406A3B14B}.AppStore|Any CPU.ActiveCfg = Release|Any CPU
		{B19C892E-2628-4CA7-AD27-08D406A3B14B}.AppStore|Any CPU.Build.0 = Release|Any CPU
		{B19C892E-2628-4CA7-AD27-08D406A3B14B}.AppStore|ARM.ActiveCfg = Release|Any CPU
		{B19C892E-2628-4CA7-AD27-08D406A3B14B}.AppStore|ARM.Build.0 = Release|Any CPU
		{B19C892E-2628-4CA7-AD27-08D406A3B14B}.AppStore|iPhone.ActiveCfg = Release|Any CPU
		{B19C892E-2628-4CA7-AD27-08D406A3B14B}.AppStore|iPhone.Build.0 = Release|Any CPU
		{B19C892E-2628-4CA7-AD27-08D406A3B14B}.AppStore|iPhoneSimulator.ActiveCfg = Release|Any CPU
		{B19C892E-2628-4CA7-AD27-08D406A3B14B}.AppStore|iPhoneSimulator.Build.0 = Release|Any CPU
		{B19C892E-2628-4CA7-AD27-08D406A3B14B}.AppStore|x64.ActiveCfg = Release|Any CPU
		{B19C892E-2628-4CA7-AD27-08D406A3B14B}.AppStore|x64.Build.0 = Release|Any CPU
		{B19C892E-2628-4CA7-AD27-08D406A3B14B}.AppStore|x86.ActiveCfg = Release|Any CPU
		{B19C892E-2628-4CA7-AD27-08D406A3B14B}.AppStore|x86.Build.0 = Release|Any CPU
		{B19C892E-2628-4CA7-AD27-08D406A3B14B}.Debug|Any CPU.ActiveCfg = Debug|Any CPU
		{B19C892E-2628-4CA7-AD27-08D406A3B14B}.Debug|Any CPU.Build.0 = Debug|Any CPU
		{B19C892E-2628-4CA7-AD27-08D406A3B14B}.Debug|ARM.ActiveCfg = Debug|Any CPU
		{B19C892E-2628-4CA7-AD27-08D406A3B14B}.Debug|ARM.Build.0 = Debug|Any CPU
		{B19C892E-2628-4CA7-AD27-08D406A3B14B}.Debug|iPhone.ActiveCfg = Debug|Any CPU
		{B19C892E-2628-4CA7-AD27-08D406A3B14B}.Debug|iPhone.Build.0 = Debug|Any CPU
		{B19C892E-2628-4CA7-AD27-08D406A3B14B}.Debug|iPhoneSimulator.ActiveCfg = Debug|Any CPU
		{B19C892E-2628-4CA7-AD27-08D406A3B14B}.Debug|iPhoneSimulator.Build.0 = Debug|Any CPU
		{B19C892E-2628-4CA7-AD27-08D406A3B14B}.Debug|x64.ActiveCfg = Debug|Any CPU
		{B19C892E-2628-4CA7-AD27-08D406A3B14B}.Debug|x64.Build.0 = Debug|Any CPU
		{B19C892E-2628-4CA7-AD27-08D406A3B14B}.Debug|x86.ActiveCfg = Debug|Any CPU
		{B19C892E-2628-4CA7-AD27-08D406A3B14B}.Debug|x86.Build.0 = Debug|Any CPU
		{B19C892E-2628-4CA7-AD27-08D406A3B14B}.Release|Any CPU.ActiveCfg = Release|Any CPU
		{B19C892E-2628-4CA7-AD27-08D406A3B14B}.Release|Any CPU.Build.0 = Release|Any CPU
		{B19C892E-2628-4CA7-AD27-08D406A3B14B}.Release|ARM.ActiveCfg = Release|Any CPU
		{B19C892E-2628-4CA7-AD27-08D406A3B14B}.Release|ARM.Build.0 = Release|Any CPU
		{B19C892E-2628-4CA7-AD27-08D406A3B14B}.Release|iPhone.ActiveCfg = Release|Any CPU
		{B19C892E-2628-4CA7-AD27-08D406A3B14B}.Release|iPhone.Build.0 = Release|Any CPU
		{B19C892E-2628-4CA7-AD27-08D406A3B14B}.Release|iPhoneSimulator.ActiveCfg = Release|Any CPU
		{B19C892E-2628-4CA7-AD27-08D406A3B14B}.Release|iPhoneSimulator.Build.0 = Release|Any CPU
		{B19C892E-2628-4CA7-AD27-08D406A3B14B}.Release|x64.ActiveCfg = Release|Any CPU
		{B19C892E-2628-4CA7-AD27-08D406A3B14B}.Release|x64.Build.0 = Release|Any CPU
		{B19C892E-2628-4CA7-AD27-08D406A3B14B}.Release|x86.ActiveCfg = Release|Any CPU
		{B19C892E-2628-4CA7-AD27-08D406A3B14B}.Release|x86.Build.0 = Release|Any CPU
	EndGlobalSection
	GlobalSection(SolutionProperties) = preSolution
		HideSolutionNode = FALSE
	EndGlobalSection
	GlobalSection(ExtensibilityGlobals) = postSolution
		SolutionGuid = {F8641F9D-6E8B-4EA0-9049-59515813797B}
	EndGlobalSection
EndGlobal
